# This file is autogenerated, do not edit; changes may be undone by the next 'dep ensure'.


[[projects]]
  branch = "master"
  name = "github.com/inconshreveable/mousetrap"
  packages = ["."]
  revision = "76626ae9c91c4f2a10f34cad8ce83ea42c93bb75"

[[projects]]
  name = "github.com/rumyantseva/go-velobike"
  packages = ["velobike"]
  revision = "942a68f19e5b89f2db38b0d611f0130c115b4ba3"
  version = "0.2.0"

[[projects]]
  branch = "master"
  name = "github.com/spf13/cobra"
  packages = ["."]
  revision = "b4dbd37a01839e0653eec12aa4bbb2a2ce7b2a37"

[[projects]]
  branch = "master"
  name = "github.com/spf13/pflag"
  packages = ["."]
  revision = "e57e3eeb33f795204c1ca35f56c44f83227c6e66"

[solve-meta]
  analyzer-name = "dep"
  analyzer-version = 1
  inputs-digest = "5e5030c6dafa3f3f5de94662d145a01a93fd7aaabde3f95b4505d704fa3114d1"
  solver-name = "gps-cdcl"
  solver-version = 1
