# This file is autogenerated, do not edit; changes may be undone by the next 'dep ensure'.


[[projects]]
  branch = "master"
  name = "github.com/inconshreveable/mousetrap"
  packages = ["."]
  revision = "76626ae9c91c4f2a10f34cad8ce83ea42c93bb75"

[[projects]]
  name = "github.com/rumyantseva/go-velobike"
  packages = ["velobike"]
  revision = "787229f2ab6a93268175ac45e6fa6e94e1d464c1"
  version = "0.1.2"

[[projects]]
  branch = "master"
  name = "github.com/spf13/cobra"
  packages = ["."]
  revision = "d7cfb134748502f60bc1797cd26fcc3e4eb4b927"

[[projects]]
  branch = "master"
  name = "github.com/spf13/pflag"
  packages = ["."]
  revision = "e57e3eeb33f795204c1ca35f56c44f83227c6e66"

[solve-meta]
  analyzer-name = "dep"
  analyzer-version = 1
  inputs-digest = "a1e795a44a5e6f9eb45d635ed843dc26897f6f33da05401d1a909d8289737538"
  solver-name = "gps-cdcl"
  solver-version = 1
